
Microsoft Visual Studio Solution File, Format Version 12.00
# Visual Studio Version 16
VisualStudioVersion = 16.0.30907.101
MinimumVisualStudioVersion = 10.0.40219.1
Project("{FAE04EC0-301F-11D3-BF4B-00C04F79EFBC}") = "Bibliotheca.App", "Bibliotheca.App\Bibliotheca.App.csproj", "{52658EB7-DFAE-4A82-B0E2-B9C48A31122C}"
EndProject
Global
	GlobalSection(SolutionConfigurationPlatforms) = preSolution
		Debug|Any CPU = Debug|Any CPU
		Release|Any CPU = Release|Any CPU
	EndGlobalSection
	GlobalSection(ProjectConfigurationPlatforms) = postSolution
		{52658EB7-DFAE-4A82-B0E2-B9C48A31122C}.Debug|Any CPU.ActiveCfg = Debug|Any CPU
		{52658EB7-DFAE-4A82-B0E2-B9C48A31122C}.Debug|Any CPU.Build.0 = Debug|Any CPU
		{52658EB7-DFAE-4A82-B0E2-B9C48A31122C}.Release|Any CPU.ActiveCfg = Release|Any CPU
		{52658EB7-DFAE-4A82-B0E2-B9C48A31122C}.Release|Any CPU.Build.0 = Release|Any CPU
	EndGlobalSection
	GlobalSection(SolutionProperties) = preSolution
		HideSolutionNode = FALSE
	EndGlobalSection
	GlobalSection(ExtensibilityGlobals) = postSolution
		SolutionGuid = {3CF276CD-2BDC-4BF8-A3E9-73B7431DA469}
	EndGlobalSection
EndGlobal
